
Microsoft Visual Studio Solution File, Format Version 12.00
# Visual Studio Version 16
VisualStudioVersion = 16.0.29409.12
MinimumVisualStudioVersion = 10.0.40219.1
Project("{FAE04EC0-301F-11D3-BF4B-00C04F79EFBC}") = "Sample", "Sample.csproj", "{83CD5496-F85C-4C00-AE88-08F1436D8445}"
EndProject
Global
	GlobalSection(SolutionConfigurationPlatforms) = preSolution
		Debug|Any CPU = Debug|Any CPU
		Release|Any CPU = Release|Any CPU
	EndGlobalSection
	GlobalSection(ProjectConfigurationPlatforms) = postSolution
		{83CD5496-F85C-4C00-AE88-08F1436D8445}.Debug|Any CPU.ActiveCfg = Debug|Any CPU
		{83CD5496-F85C-4C00-AE88-08F1436D8445}.Debug|Any CPU.Build.0 = Debug|Any CPU
		{83CD5496-F85C-4C00-AE88-08F1436D8445}.Release|Any CPU.ActiveCfg = Release|Any CPU
		{83CD5496-F85C-4C00-AE88-08F1436D8445}.Release|Any CPU.Build.0 = Release|Any CPU
	EndGlobalSection
	GlobalSection(SolutionProperties) = preSolution
		HideSolutionNode = FALSE
	EndGlobalSection
	GlobalSection(ExtensibilityGlobals) = postSolution
		SolutionGuid = {AC390CEE-AE1F-4513-A8DF-A3D3903001FE}
	EndGlobalSection
EndGlobal
